// !$*UTF8*$!
{
	archiveVersion = 1;
	classes = {
	};
	objectVersion = 46;
	objects = {

/* Begin PBXBuildFile section */
		220C8CE21E5FE86000E153CF /* WishListViewController.swift in Sources */ = {isa = PBXBuildFile; fileRef = 220C8CE11E5FE86000E153CF /* WishListViewController.swift */; };
		220C8CE41E5FE89E00E153CF /* WishListItemDetailViewController.swift in Sources */ = {isa = PBXBuildFile; fileRef = 220C8CE31E5FE89E00E153CF /* WishListItemDetailViewController.swift */; };
		220C8CE61E5FEB2600E153CF /* ChoreTableViewCell.swift in Sources */ = {isa = PBXBuildFile; fileRef = 220C8CE51E5FEB2600E153CF /* ChoreTableViewCell.swift */; };
		220C8CE81E5FEB4D00E153CF /* WishlistTableViewCell.swift in Sources */ = {isa = PBXBuildFile; fileRef = 220C8CE71E5FEB4D00E153CF /* WishlistTableViewCell.swift */; };
		27A12C031E5FFAC00086E473 /* APIManager.swift in Sources */ = {isa = PBXBuildFile; fileRef = 27A12C021E5FFAC00086E473 /* APIManager.swift */; };
		40CFE04289619687A6DFF546 /* FamilyMemberDetailViewController.swift in Sources */ = {isa = PBXBuildFile; fileRef = 40CFE08D93AF99BA67A5860C /* FamilyMemberDetailViewController.swift */; };
		40CFE130DE6856F74A9EC460 /* ChoreListViewController.swift in Sources */ = {isa = PBXBuildFile; fileRef = 40CFE6D1E4155C1D63E2F517 /* ChoreListViewController.swift */; };
		40CFE4A8853099B583543413 /* ParentChoreListViewController.swift in Sources */ = {isa = PBXBuildFile; fileRef = 40CFE9372B6C93CFEE576B0E /* ParentChoreListViewController.swift */; };
		40CFE55A69DE433AFCE8D459 /* AppDelegate.swift in Sources */ = {isa = PBXBuildFile; fileRef = 40CFEFB3A64353A267538346 /* AppDelegate.swift */; };
		40CFE84D7C363E538AF461C4 /* LoginViewController.swift in Sources */ = {isa = PBXBuildFile; fileRef = 40CFE61AE41FBBEC79108C88 /* LoginViewController.swift */; };
		40CFE94DD409604294620749 /* JoinFamilyViewController.swift in Sources */ = {isa = PBXBuildFile; fileRef = 40CFE4C8E9A6EE681A97D749 /* JoinFamilyViewController.swift */; };
		40CFEA80FB252B2EB53CBC87 /* ChoreDetailViewController.swift in Sources */ = {isa = PBXBuildFile; fileRef = 40CFEAF5178957B9BC8B9650 /* ChoreDetailViewController.swift */; };
		40CFEB6D051A10A8B6BCF035 /* ViewController.swift in Sources */ = {isa = PBXBuildFile; fileRef = 40CFE6698F14E47CB378A776 /* ViewController.swift */; };
		40CFEEDCE2365000E175F626 /* ManageFamilyViewController.swift in Sources */ = {isa = PBXBuildFile; fileRef = 40CFEBDC8BB1BB81B4AA8246 /* ManageFamilyViewController.swift */; };
		4330186E745887FE5154EB0D /* Pods_ChoreMore.framework in Frameworks */ = {isa = PBXBuildFile; fileRef = 8146AD26CA64AD2A3943E97A /* Pods_ChoreMore.framework */; };
		E12CE95D1E5FCA2C008D1A1D /* Main.storyboard in Resources */ = {isa = PBXBuildFile; fileRef = E12CE95B1E5FCA2C008D1A1D /* Main.storyboard */; };
		E12CE95F1E5FCA2C008D1A1D /* Assets.xcassets in Resources */ = {isa = PBXBuildFile; fileRef = E12CE95E1E5FCA2C008D1A1D /* Assets.xcassets */; };
		E12CE9621E5FCA2C008D1A1D /* LaunchScreen.storyboard in Resources */ = {isa = PBXBuildFile; fileRef = E12CE9601E5FCA2C008D1A1D /* LaunchScreen.storyboard */; };
		E12CE96A1E600222008D1A1D /* FamilyMemberCell.swift in Sources */ = {isa = PBXBuildFile; fileRef = E12CE9691E600222008D1A1D /* FamilyMemberCell.swift */; };
		E17BE17C1E604A930089B4AD /* CoolTabBar.swift in Sources */ = {isa = PBXBuildFile; fileRef = E17BE17B1E604A930089B4AD /* CoolTabBar.swift */; };
		E17BE17F1E605D550089B4AD /* WawaSC-Regular.otf in Resources */ = {isa = PBXBuildFile; fileRef = E17BE1791E6044240089B4AD /* WawaSC-Regular.otf */; };
/* End PBXBuildFile section */

/* Begin PBXFileReference section */
		220C8CE11E5FE86000E153CF /* WishListViewController.swift */ = {isa = PBXFileReference; fileEncoding = 4; lastKnownFileType = sourcecode.swift; path = WishListViewController.swift; sourceTree = "<group>"; };
		220C8CE31E5FE89E00E153CF /* WishListItemDetailViewController.swift */ = {isa = PBXFileReference; fileEncoding = 4; lastKnownFileType = sourcecode.swift; path = WishListItemDetailViewController.swift; sourceTree = "<group>"; };
		220C8CE51E5FEB2600E153CF /* ChoreTableViewCell.swift */ = {isa = PBXFileReference; fileEncoding = 4; lastKnownFileType = sourcecode.swift; name = ChoreTableViewCell.swift; path = ../Child/ChoreTableViewCell.swift; sourceTree = "<group>"; };
		220C8CE71E5FEB4D00E153CF /* WishlistTableViewCell.swift */ = {isa = PBXFileReference; fileEncoding = 4; lastKnownFileType = sourcecode.swift; path = WishlistTableViewCell.swift; sourceTree = "<group>"; };
		27A12C021E5FFAC00086E473 /* APIManager.swift */ = {isa = PBXFileReference; fileEncoding = 4; lastKnownFileType = sourcecode.swift; path = APIManager.swift; sourceTree = "<group>"; };
		40CFE08D93AF99BA67A5860C /* FamilyMemberDetailViewController.swift */ = {isa = PBXFileReference; fileEncoding = 4; lastKnownFileType = sourcecode.swift; path = FamilyMemberDetailViewController.swift; sourceTree = "<group>"; };
		40CFE4C8E9A6EE681A97D749 /* JoinFamilyViewController.swift */ = {isa = PBXFileReference; fileEncoding = 4; lastKnownFileType = sourcecode.swift; path = JoinFamilyViewController.swift; sourceTree = "<group>"; };
		40CFE61AE41FBBEC79108C88 /* LoginViewController.swift */ = {isa = PBXFileReference; fileEncoding = 4; lastKnownFileType = sourcecode.swift; path = LoginViewController.swift; sourceTree = "<group>"; };
		40CFE6698F14E47CB378A776 /* ViewController.swift */ = {isa = PBXFileReference; fileEncoding = 4; lastKnownFileType = sourcecode.swift; path = ViewController.swift; sourceTree = "<group>"; };
		40CFE6D1E4155C1D63E2F517 /* ChoreListViewController.swift */ = {isa = PBXFileReference; fileEncoding = 4; lastKnownFileType = sourcecode.swift; path = ChoreListViewController.swift; sourceTree = "<group>"; };
		40CFE9372B6C93CFEE576B0E /* ParentChoreListViewController.swift */ = {isa = PBXFileReference; fileEncoding = 4; lastKnownFileType = sourcecode.swift; path = ParentChoreListViewController.swift; sourceTree = "<group>"; };
		40CFEAF5178957B9BC8B9650 /* ChoreDetailViewController.swift */ = {isa = PBXFileReference; fileEncoding = 4; lastKnownFileType = sourcecode.swift; path = ChoreDetailViewController.swift; sourceTree = "<group>"; };
		40CFEBDC8BB1BB81B4AA8246 /* ManageFamilyViewController.swift */ = {isa = PBXFileReference; fileEncoding = 4; lastKnownFileType = sourcecode.swift; path = ManageFamilyViewController.swift; sourceTree = "<group>"; };
		40CFEFB3A64353A267538346 /* AppDelegate.swift */ = {isa = PBXFileReference; fileEncoding = 4; lastKnownFileType = sourcecode.swift; path = AppDelegate.swift; sourceTree = "<group>"; };
		5A57E10C78F952560CC8479B /* Pods-ChoreMore.debug.xcconfig */ = {isa = PBXFileReference; includeInIndex = 1; lastKnownFileType = text.xcconfig; name = "Pods-ChoreMore.debug.xcconfig"; path = "Pods/Target Support Files/Pods-ChoreMore/Pods-ChoreMore.debug.xcconfig"; sourceTree = "<group>"; };
		8146AD26CA64AD2A3943E97A /* Pods_ChoreMore.framework */ = {isa = PBXFileReference; explicitFileType = wrapper.framework; includeInIndex = 0; path = Pods_ChoreMore.framework; sourceTree = BUILT_PRODUCTS_DIR; };
		88E7994B468711669B488F30 /* Pods-ChoreMore.release.xcconfig */ = {isa = PBXFileReference; includeInIndex = 1; lastKnownFileType = text.xcconfig; name = "Pods-ChoreMore.release.xcconfig"; path = "Pods/Target Support Files/Pods-ChoreMore/Pods-ChoreMore.release.xcconfig"; sourceTree = "<group>"; };
		E12CE9541E5FCA2C008D1A1D /* ChoreMore.app */ = {isa = PBXFileReference; explicitFileType = wrapper.application; includeInIndex = 0; path = ChoreMore.app; sourceTree = BUILT_PRODUCTS_DIR; };
		E12CE95C1E5FCA2C008D1A1D /* Base */ = {isa = PBXFileReference; lastKnownFileType = file.storyboard; name = Base; path = Base.lproj/Main.storyboard; sourceTree = "<group>"; };
		E12CE95E1E5FCA2C008D1A1D /* Assets.xcassets */ = {isa = PBXFileReference; lastKnownFileType = folder.assetcatalog; path = Assets.xcassets; sourceTree = "<group>"; };
		E12CE9611E5FCA2C008D1A1D /* Base */ = {isa = PBXFileReference; lastKnownFileType = file.storyboard; name = Base; path = Base.lproj/LaunchScreen.storyboard; sourceTree = "<group>"; };
		E12CE9631E5FCA2C008D1A1D /* Info.plist */ = {isa = PBXFileReference; lastKnownFileType = text.plist.xml; path = Info.plist; sourceTree = "<group>"; };
		E12CE9691E600222008D1A1D /* FamilyMemberCell.swift */ = {isa = PBXFileReference; fileEncoding = 4; lastKnownFileType = sourcecode.swift; path = FamilyMemberCell.swift; sourceTree = "<group>"; };
		E17BE1791E6044240089B4AD /* WawaSC-Regular.otf */ = {isa = PBXFileReference; lastKnownFileType = file; path = "WawaSC-Regular.otf"; sourceTree = "<group>"; };
		E17BE17B1E604A930089B4AD /* CoolTabBar.swift */ = {isa = PBXFileReference; fileEncoding = 4; lastKnownFileType = sourcecode.swift; path = CoolTabBar.swift; sourceTree = "<group>"; };
/* End PBXFileReference section */

/* Begin PBXFrameworksBuildPhase section */
		E12CE9511E5FCA2C008D1A1D /* Frameworks */ = {
			isa = PBXFrameworksBuildPhase;
			buildActionMask = 2147483647;
			files = (
				4330186E745887FE5154EB0D /* Pods_ChoreMore.framework in Frameworks */,
			);
			runOnlyForDeploymentPostprocessing = 0;
		};
/* End PBXFrameworksBuildPhase section */

/* Begin PBXGroup section */
		40CFE273EE5F29523FF58FB3 /* Source */ = {
			isa = PBXGroup;
			children = (
				40CFE6698F14E47CB378A776 /* ViewController.swift */,
				40CFEFB3A64353A267538346 /* AppDelegate.swift */,
				40CFED92E049941539EE2194 /* Parent */,
				40CFE8CD1B4099D4914D2DF7 /* Child */,
				40CFEBD5079B5B5B6AF73217 /* Common */,
			);
			path = Source;
			sourceTree = "<group>";
		};
		40CFE8CD1B4099D4914D2DF7 /* Child */ = {
			isa = PBXGroup;
			children = (
				40CFE4C8E9A6EE681A97D749 /* JoinFamilyViewController.swift */,
				220C8CE71E5FEB4D00E153CF /* WishlistTableViewCell.swift */,
				40CFE6D1E4155C1D63E2F517 /* ChoreListViewController.swift */,
				220C8CE11E5FE86000E153CF /* WishListViewController.swift */,
				220C8CE31E5FE89E00E153CF /* WishListItemDetailViewController.swift */,
			);
			path = Child;
			sourceTree = "<group>";
		};
		40CFEBD5079B5B5B6AF73217 /* Common */ = {
			isa = PBXGroup;
			children = (
				E17BE17A1E604A7B0089B4AD /* Random */,
				220C8CE51E5FEB2600E153CF /* ChoreTableViewCell.swift */,
				40CFE61AE41FBBEC79108C88 /* LoginViewController.swift */,
				27A12C021E5FFAC00086E473 /* APIManager.swift */,
			);
			path = Common;
			sourceTree = "<group>";
		};
		40CFED92E049941539EE2194 /* Parent */ = {
			isa = PBXGroup;
			children = (
				40CFE9372B6C93CFEE576B0E /* ParentChoreListViewController.swift */,
				40CFEAF5178957B9BC8B9650 /* ChoreDetailViewController.swift */,
				40CFEBDC8BB1BB81B4AA8246 /* ManageFamilyViewController.swift */,
				40CFE08D93AF99BA67A5860C /* FamilyMemberDetailViewController.swift */,
				E12CE9691E600222008D1A1D /* FamilyMemberCell.swift */,
			);
			path = Parent;
			sourceTree = "<group>";
		};
		A710979BA0E39A4342B6ABD1 /* Pods */ = {
			isa = PBXGroup;
			children = (
				5A57E10C78F952560CC8479B /* Pods-ChoreMore.debug.xcconfig */,
				88E7994B468711669B488F30 /* Pods-ChoreMore.release.xcconfig */,
			);
			name = Pods;
			sourceTree = "<group>";
		};
		E12CE94B1E5FCA2C008D1A1D = {
			isa = PBXGroup;
			children = (
				E12CE9561E5FCA2C008D1A1D /* ChoreMore */,
				E12CE9551E5FCA2C008D1A1D /* Products */,
				A710979BA0E39A4342B6ABD1 /* Pods */,
				F9D0996A19E7E7448A8026D3 /* Frameworks */,
			);
			sourceTree = "<group>";
		};
		E12CE9551E5FCA2C008D1A1D /* Products */ = {
			isa = PBXGroup;
			children = (
				E12CE9541E5FCA2C008D1A1D /* ChoreMore.app */,
			);
			name = Products;
			sourceTree = "<group>";
		};
		E12CE9561E5FCA2C008D1A1D /* ChoreMore */ = {
			isa = PBXGroup;
			children = (
				E17BE1791E6044240089B4AD /* WawaSC-Regular.otf */,
				E12CE95B1E5FCA2C008D1A1D /* Main.storyboard */,
				E12CE95E1E5FCA2C008D1A1D /* Assets.xcassets */,
				E12CE9601E5FCA2C008D1A1D /* LaunchScreen.storyboard */,
				E12CE9631E5FCA2C008D1A1D /* Info.plist */,
				40CFE273EE5F29523FF58FB3 /* Source */,
			);
			path = ChoreMore;
			sourceTree = "<group>";
		};
		E17BE17A1E604A7B0089B4AD /* Random */ = {
			isa = PBXGroup;
			children = (
				E17BE17B1E604A930089B4AD /* CoolTabBar.swift */,
			);
			name = Random;
			sourceTree = "<group>";
		};
		F9D0996A19E7E7448A8026D3 /* Frameworks */ = {
			isa = PBXGroup;
			children = (
				8146AD26CA64AD2A3943E97A /* Pods_ChoreMore.framework */,
			);
			name = Frameworks;
			sourceTree = "<group>";
		};
/* End PBXGroup section */

/* Begin PBXNativeTarget section */
		E12CE9531E5FCA2C008D1A1D /* ChoreMore */ = {
			isa = PBXNativeTarget;
			buildConfigurationList = E12CE9661E5FCA2C008D1A1D /* Build configuration list for PBXNativeTarget "ChoreMore" */;
			buildPhases = (
				FCFA2E99269A8FF82D730A3C /* [CP] Check Pods Manifest.lock */,
				E12CE9501E5FCA2C008D1A1D /* Sources */,
				E12CE9511E5FCA2C008D1A1D /* Frameworks */,
				E12CE9521E5FCA2C008D1A1D /* Resources */,
				DD3B7CA972B5B3C788E5C39E /* [CP] Embed Pods Frameworks */,
				9C055B3E200E80DDF1FCC8FF /* [CP] Copy Pods Resources */,
			);
			buildRules = (
			);
			dependencies = (
			);
			name = ChoreMore;
			productName = ChoreMore;
			productReference = E12CE9541E5FCA2C008D1A1D /* ChoreMore.app */;
			productType = "com.apple.product-type.application";
		};
/* End PBXNativeTarget section */

/* Begin PBXProject section */
		E12CE94C1E5FCA2C008D1A1D /* Project object */ = {
			isa = PBXProject;
			attributes = {
				LastSwiftUpdateCheck = 0820;
				LastUpgradeCheck = 0820;
				ORGANIZATIONNAME = "Nicholas Cross";
				TargetAttributes = {
					E12CE9531E5FCA2C008D1A1D = {
						CreatedOnToolsVersion = 8.2;
						ProvisioningStyle = Automatic;
					};
				};
			};
			buildConfigurationList = E12CE94F1E5FCA2C008D1A1D /* Build configuration list for PBXProject "ChoreMore" */;
			compatibilityVersion = "Xcode 3.2";
			developmentRegion = English;
			hasScannedForEncodings = 0;
			knownRegions = (
				en,
				Base,
			);
			mainGroup = E12CE94B1E5FCA2C008D1A1D;
			productRefGroup = E12CE9551E5FCA2C008D1A1D /* Products */;
			projectDirPath = "";
			projectRoot = "";
			targets = (
				E12CE9531E5FCA2C008D1A1D /* ChoreMore */,
			);
		};
/* End PBXProject section */

/* Begin PBXResourcesBuildPhase section */
		E12CE9521E5FCA2C008D1A1D /* Resources */ = {
			isa = PBXResourcesBuildPhase;
			buildActionMask = 2147483647;
			files = (
				E17BE17F1E605D550089B4AD /* WawaSC-Regular.otf in Resources */,
				E12CE9621E5FCA2C008D1A1D /* LaunchScreen.storyboard in Resources */,
				E12CE95F1E5FCA2C008D1A1D /* Assets.xcassets in Resources */,
				E12CE95D1E5FCA2C008D1A1D /* Main.storyboard in Resources */,
			);
			runOnlyForDeploymentPostprocessing = 0;
		};
/* End PBXResourcesBuildPhase section */

/* Begin PBXShellScriptBuildPhase section */
		9C055B3E200E80DDF1FCC8FF /* [CP] Copy Pods Resources */ = {
			isa = PBXShellScriptBuildPhase;
			buildActionMask = 2147483647;
			files = (
			);
			inputPaths = (
			);
			name = "[CP] Copy Pods Resources";
			outputPaths = (
			);
			runOnlyForDeploymentPostprocessing = 0;
			shellPath = /bin/sh;
			shellScript = "\"${SRCROOT}/Pods/Target Support Files/Pods-ChoreMore/Pods-ChoreMore-resources.sh\"\n";
			showEnvVarsInLog = 0;
		};
		DD3B7CA972B5B3C788E5C39E /* [CP] Embed Pods Frameworks */ = {
			isa = PBXShellScriptBuildPhase;
			buildActionMask = 2147483647;
			files = (
			);
			inputPaths = (
			);
			name = "[CP] Embed Pods Frameworks";
			outputPaths = (
			);
			runOnlyForDeploymentPostprocessing = 0;
			shellPath = /bin/sh;
			shellScript = "\"${SRCROOT}/Pods/Target Support Files/Pods-ChoreMore/Pods-ChoreMore-frameworks.sh\"\n";
			showEnvVarsInLog = 0;
		};
		FCFA2E99269A8FF82D730A3C /* [CP] Check Pods Manifest.lock */ = {
			isa = PBXShellScriptBuildPhase;
			buildActionMask = 2147483647;
			files = (
			);
			inputPaths = (
			);
			name = "[CP] Check Pods Manifest.lock";
			outputPaths = (
			);
			runOnlyForDeploymentPostprocessing = 0;
			shellPath = /bin/sh;
			shellScript = "diff \"${PODS_ROOT}/../Podfile.lock\" \"${PODS_ROOT}/Manifest.lock\" > /dev/null\nif [ $? != 0 ] ; then\n    # print error to STDERR\n    echo \"error: The sandbox is not in sync with the Podfile.lock. Run 'pod install' or update your CocoaPods installation.\" >&2\n    exit 1\nfi\n";
			showEnvVarsInLog = 0;
		};
/* End PBXShellScriptBuildPhase section */

/* Begin PBXSourcesBuildPhase section */
		E12CE9501E5FCA2C008D1A1D /* Sources */ = {
			isa = PBXSourcesBuildPhase;
			buildActionMask = 2147483647;
			files = (
				40CFEB6D051A10A8B6BCF035 /* ViewController.swift in Sources */,
				E12CE96A1E600222008D1A1D /* FamilyMemberCell.swift in Sources */,
				220C8CE21E5FE86000E153CF /* WishListViewController.swift in Sources */,
				40CFE55A69DE433AFCE8D459 /* AppDelegate.swift in Sources */,
				E17BE17C1E604A930089B4AD /* CoolTabBar.swift in Sources */,
				220C8CE61E5FEB2600E153CF /* ChoreTableViewCell.swift in Sources */,
				40CFE84D7C363E538AF461C4 /* LoginViewController.swift in Sources */,
				40CFE94DD409604294620749 /* JoinFamilyViewController.swift in Sources */,
				27A12C031E5FFAC00086E473 /* APIManager.swift in Sources */,
				40CFE130DE6856F74A9EC460 /* ChoreListViewController.swift in Sources */,
				40CFE4A8853099B583543413 /* ParentChoreListViewController.swift in Sources */,
				40CFEA80FB252B2EB53CBC87 /* ChoreDetailViewController.swift in Sources */,
				40CFEEDCE2365000E175F626 /* ManageFamilyViewController.swift in Sources */,
				220C8CE81E5FEB4D00E153CF /* WishlistTableViewCell.swift in Sources */,
				40CFE04289619687A6DFF546 /* FamilyMemberDetailViewController.swift in Sources */,
				220C8CE41E5FE89E00E153CF /* WishListItemDetailViewController.swift in Sources */,
			);
			runOnlyForDeploymentPostprocessing = 0;
		};
/* End PBXSourcesBuildPhase section */

/* Begin PBXVariantGroup section */
		E12CE95B1E5FCA2C008D1A1D /* Main.storyboard */ = {
			isa = PBXVariantGroup;
			children = (
				E12CE95C1E5FCA2C008D1A1D /* Base */,
			);
			name = Main.storyboard;
			sourceTree = "<group>";
		};
		E12CE9601E5FCA2C008D1A1D /* LaunchScreen.storyboard */ = {
			isa = PBXVariantGroup;
			children = (
				E12CE9611E5FCA2C008D1A1D /* Base */,
			);
			name = LaunchScreen.storyboard;
			sourceTree = "<group>";
		};
/* End PBXVariantGroup section */

/* Begin XCBuildConfiguration section */
		E12CE9641E5FCA2C008D1A1D /* Debug */ = {
			isa = XCBuildConfiguration;
			buildSettings = {
				ALWAYS_SEARCH_USER_PATHS = NO;
				CLANG_ANALYZER_NONNULL = YES;
				CLANG_CXX_LANGUAGE_STANDARD = "gnu++0x";
				CLANG_CXX_LIBRARY = "libc++";
				CLANG_ENABLE_MODULES = YES;
				CLANG_ENABLE_OBJC_ARC = YES;
				CLANG_WARN_BOOL_CONVERSION = YES;
				CLANG_WARN_CONSTANT_CONVERSION = YES;
				CLANG_WARN_DIRECT_OBJC_ISA_USAGE = YES_ERROR;
				CLANG_WARN_DOCUMENTATION_COMMENTS = YES;
				CLANG_WARN_EMPTY_BODY = YES;
				CLANG_WARN_ENUM_CONVERSION = YES;
				CLANG_WARN_INFINITE_RECURSION = YES;
				CLANG_WARN_INT_CONVERSION = YES;
				CLANG_WARN_OBJC_ROOT_CLASS = YES_ERROR;
				CLANG_WARN_SUSPICIOUS_MOVE = YES;
				CLANG_WARN_UNREACHABLE_CODE = YES;
				CLANG_WARN__DUPLICATE_METHOD_MATCH = YES;
				"CODE_SIGN_IDENTITY[sdk=iphoneos*]" = "iPhone Developer";
				COPY_PHASE_STRIP = NO;
				DEBUG_INFORMATION_FORMAT = dwarf;
				ENABLE_STRICT_OBJC_MSGSEND = YES;
				ENABLE_TESTABILITY = YES;
				GCC_C_LANGUAGE_STANDARD = gnu99;
				GCC_DYNAMIC_NO_PIC = NO;
				GCC_NO_COMMON_BLOCKS = YES;
				GCC_OPTIMIZATION_LEVEL = 0;
				GCC_PREPROCESSOR_DEFINITIONS = (
					"DEBUG=1",
					"$(inherited)",
				);
				GCC_WARN_64_TO_32_BIT_CONVERSION = YES;
				GCC_WARN_ABOUT_RETURN_TYPE = YES_ERROR;
				GCC_WARN_UNDECLARED_SELECTOR = YES;
				GCC_WARN_UNINITIALIZED_AUTOS = YES_AGGRESSIVE;
				GCC_WARN_UNUSED_FUNCTION = YES;
				GCC_WARN_UNUSED_VARIABLE = YES;
				IPHONEOS_DEPLOYMENT_TARGET = 10.2;
				MTL_ENABLE_DEBUG_INFO = YES;
				ONLY_ACTIVE_ARCH = YES;
				SDKROOT = iphoneos;
				SWIFT_ACTIVE_COMPILATION_CONDITIONS = DEBUG;
				SWIFT_OPTIMIZATION_LEVEL = "-Onone";
			};
			name = Debug;
		};
		E12CE9651E5FCA2C008D1A1D /* Release */ = {
			isa = XCBuildConfiguration;
			buildSettings = {
				ALWAYS_SEARCH_USER_PATHS = NO;
				CLANG_ANALYZER_NONNULL = YES;
				CLANG_CXX_LANGUAGE_STANDARD = "gnu++0x";
				CLANG_CXX_LIBRARY = "libc++";
				CLANG_ENABLE_MODULES = YES;
				CLANG_ENABLE_OBJC_ARC = YES;
				CLANG_WARN_BOOL_CONVERSION = YES;
				CLANG_WARN_CONSTANT_CONVERSION = YES;
				CLANG_WARN_DIRECT_OBJC_ISA_USAGE = YES_ERROR;
				CLANG_WARN_DOCUMENTATION_COMMENTS = YES;
				CLANG_WARN_EMPTY_BODY = YES;
				CLANG_WARN_ENUM_CONVERSION = YES;
				CLANG_WARN_INFINITE_RECURSION = YES;
				CLANG_WARN_INT_CONVERSION = YES;
				CLANG_WARN_OBJC_ROOT_CLASS = YES_ERROR;
				CLANG_WARN_SUSPICIOUS_MOVE = YES;
				CLANG_WARN_UNREACHABLE_CODE = YES;
				CLANG_WARN__DUPLICATE_METHOD_MATCH = YES;
				"CODE_SIGN_IDENTITY[sdk=iphoneos*]" = "iPhone Developer";
				COPY_PHASE_STRIP = NO;
				DEBUG_INFORMATION_FORMAT = "dwarf-with-dsym";
				ENABLE_NS_ASSERTIONS = NO;
				ENABLE_STRICT_OBJC_MSGSEND = YES;
				GCC_C_LANGUAGE_STANDARD = gnu99;
				GCC_NO_COMMON_BLOCKS = YES;
				GCC_WARN_64_TO_32_BIT_CONVERSION = YES;
				GCC_WARN_ABOUT_RETURN_TYPE = YES_ERROR;
				GCC_WARN_UNDECLARED_SELECTOR = YES;
				GCC_WARN_UNINITIALIZED_AUTOS = YES_AGGRESSIVE;
				GCC_WARN_UNUSED_FUNCTION = YES;
				GCC_WARN_UNUSED_VARIABLE = YES;
				IPHONEOS_DEPLOYMENT_TARGET = 10.2;
				MTL_ENABLE_DEBUG_INFO = NO;
				SDKROOT = iphoneos;
				SWIFT_OPTIMIZATION_LEVEL = "-Owholemodule";
				VALIDATE_PRODUCT = YES;
			};
			name = Release;
		};
		E12CE9671E5FCA2C008D1A1D /* Debug */ = {
			isa = XCBuildConfiguration;
			baseConfigurationReference = 5A57E10C78F952560CC8479B /* Pods-ChoreMore.debug.xcconfig */;
			buildSettings = {
				ASSETCATALOG_COMPILER_APPICON_NAME = AppIcon;
				INFOPLIST_FILE = ChoreMore/Info.plist;
				LD_RUNPATH_SEARCH_PATHS = "$(inherited) @executable_path/Frameworks";
				PRODUCT_BUNDLE_IDENTIFIER = com.nablab.hackathon.ChoreMore;
				PRODUCT_NAME = "$(TARGET_NAME)";
				SWIFT_VERSION = 3.0;
			};
			name = Debug;
		};
		E12CE9681E5FCA2C008D1A1D /* Release */ = {
			isa = XCBuildConfiguration;
			baseConfigurationReference = 88E7994B468711669B488F30 /* Pods-ChoreMore.release.xcconfig */;
			buildSettings = {
				ASSETCATALOG_COMPILER_APPICON_NAME = AppIcon;
				INFOPLIST_FILE = ChoreMore/Info.plist;
				LD_RUNPATH_SEARCH_PATHS = "$(inherited) @executable_path/Frameworks";
				PRODUCT_BUNDLE_IDENTIFIER = com.nablab.hackathon.ChoreMore;
				PRODUCT_NAME = "$(TARGET_NAME)";
				SWIFT_VERSION = 3.0;
			};
			name = Release;
		};
/* End XCBuildConfiguration section */

/* Begin XCConfigurationList section */
		E12CE94F1E5FCA2C008D1A1D /* Build configuration list for PBXProject "ChoreMore" */ = {
			isa = XCConfigurationList;
			buildConfigurations = (
				E12CE9641E5FCA2C008D1A1D /* Debug */,
				E12CE9651E5FCA2C008D1A1D /* Release */,
			);
			defaultConfigurationIsVisible = 0;
			defaultConfigurationName = Release;
		};
		E12CE9661E5FCA2C008D1A1D /* Build configuration list for PBXNativeTarget "ChoreMore" */ = {
			isa = XCConfigurationList;
			buildConfigurations = (
				E12CE9671E5FCA2C008D1A1D /* Debug */,
				E12CE9681E5FCA2C008D1A1D /* Release */,
			);
			defaultConfigurationIsVisible = 0;
			defaultConfigurationName = Release;
		};
/* End XCConfigurationList section */
	};
	rootObject = E12CE94C1E5FCA2C008D1A1D /* Project object */;
}
